// !$*UTF8*$!
{
	archiveVersion = 1;
	classes = {
	};
	objectVersion = 50;
	objects = {

/* Begin PBXBuildFile section */
		172F66FF246F5A6500BAFB3B /* AppDelegate.swift in Sources */ = {isa = PBXBuildFile; fileRef = 172F66FE246F5A6500BAFB3B /* AppDelegate.swift */; };
		172F6701246F5A6500BAFB3B /* SceneDelegate.swift in Sources */ = {isa = PBXBuildFile; fileRef = 172F6700246F5A6500BAFB3B /* SceneDelegate.swift */; };
		172F6703246F5A6500BAFB3B /* ViewController.swift in Sources */ = {isa = PBXBuildFile; fileRef = 172F6702246F5A6500BAFB3B /* ViewController.swift */; };
		172F6706246F5A6500BAFB3B /* Main.storyboard in Resources */ = {isa = PBXBuildFile; fileRef = 172F6704246F5A6500BAFB3B /* Main.storyboard */; };
		172F6708246F5A6A00BAFB3B /* Assets.xcassets in Resources */ = {isa = PBXBuildFile; fileRef = 172F6707246F5A6A00BAFB3B /* Assets.xcassets */; };
		172F670B246F5A6A00BAFB3B /* LaunchScreen.storyboard in Resources */ = {isa = PBXBuildFile; fileRef = 172F6709246F5A6A00BAFB3B /* LaunchScreen.storyboard */; };
		172F6716246F5A6B00BAFB3B /* CIExampleTests.swift in Sources */ = {isa = PBXBuildFile; fileRef = 172F6715246F5A6B00BAFB3B /* CIExampleTests.swift */; };
		172F6721246F5A6B00BAFB3B /* CIExampleUITests.swift in Sources */ = {isa = PBXBuildFile; fileRef = 172F6720246F5A6B00BAFB3B /* CIExampleUITests.swift */; };
		172F6734247381C000BAFB3B /* (null) in Embed Frameworks */ = {isa = PBXBuildFile; settings = {ATTRIBUTES = (RemoveHeadersOnCopy, ); }; };
		172F673E2473874D00BAFB3B /* CIExampleTests.xctest in Resources */ = {isa = PBXBuildFile; fileRef = 172F6711246F5A6B00BAFB3B /* CIExampleTests.xctest */; };
		172F673F2473875000BAFB3B /* CIExampleUITests.xctest in Resources */ = {isa = PBXBuildFile; fileRef = 172F671C246F5A6B00BAFB3B /* CIExampleUITests.xctest */; };
		29A7687BD50737EC4B9C2452 /* Pods_CIExample.framework in Frameworks */ = {isa = PBXBuildFile; fileRef = 5909103626C2230568C7D940 /* Pods_CIExample.framework */; };
		33F1CE08654FD42938CD7EEA /* Pods_CIExample_CIExampleUITests.framework in Frameworks */ = {isa = PBXBuildFile; fileRef = C143067D5413DBEF68C6EB4D /* Pods_CIExample_CIExampleUITests.framework */; };
		72D598DEE00B3F709DAD3521 /* Pods_CIExampleTests.framework in Frameworks */ = {isa = PBXBuildFile; fileRef = 619D370522D6CCB8C11E6404 /* Pods_CIExampleTests.framework */; };
/* End PBXBuildFile section */

/* Begin PBXContainerItemProxy section */
		172F6712246F5A6B00BAFB3B /* PBXContainerItemProxy */ = {
			isa = PBXContainerItemProxy;
			containerPortal = 172F66F3246F5A6500BAFB3B /* Project object */;
			proxyType = 1;
			remoteGlobalIDString = 172F66FA246F5A6500BAFB3B;
			remoteInfo = CIExample;
		};
		172F671D246F5A6B00BAFB3B /* PBXContainerItemProxy */ = {
			isa = PBXContainerItemProxy;
			containerPortal = 172F66F3246F5A6500BAFB3B /* Project object */;
			proxyType = 1;
			remoteGlobalIDString = 172F66FA246F5A6500BAFB3B;
			remoteInfo = CIExample;
		};
/* End PBXContainerItemProxy section */

/* Begin PBXCopyFilesBuildPhase section */
		172F6735247381C000BAFB3B /* Embed Frameworks */ = {
			isa = PBXCopyFilesBuildPhase;
			buildActionMask = 2147483647;
			dstPath = "";
			dstSubfolderSpec = 10;
			files = (
				172F6734247381C000BAFB3B /* (null) in Embed Frameworks */,
			);
			name = "Embed Frameworks";
			runOnlyForDeploymentPostprocessing = 0;
		};
/* End PBXCopyFilesBuildPhase section */

/* Begin PBXFileReference section */
		172F66FB246F5A6500BAFB3B /* CIExample.app */ = {isa = PBXFileReference; explicitFileType = wrapper.application; includeInIndex = 0; path = CIExample.app; sourceTree = BUILT_PRODUCTS_DIR; };
		172F66FE246F5A6500BAFB3B /* AppDelegate.swift */ = {isa = PBXFileReference; lastKnownFileType = sourcecode.swift; path = AppDelegate.swift; sourceTree = "<group>"; };
		172F6700246F5A6500BAFB3B /* SceneDelegate.swift */ = {isa = PBXFileReference; lastKnownFileType = sourcecode.swift; path = SceneDelegate.swift; sourceTree = "<group>"; };
		172F6702246F5A6500BAFB3B /* ViewController.swift */ = {isa = PBXFileReference; lastKnownFileType = sourcecode.swift; path = ViewController.swift; sourceTree = "<group>"; };
		172F6705246F5A6500BAFB3B /* Base */ = {isa = PBXFileReference; lastKnownFileType = file.storyboard; name = Base; path = Base.lproj/Main.storyboard; sourceTree = "<group>"; };
		172F6707246F5A6A00BAFB3B /* Assets.xcassets */ = {isa = PBXFileReference; lastKnownFileType = folder.assetcatalog; path = Assets.xcassets; sourceTree = "<group>"; };
		172F670A246F5A6A00BAFB3B /* Base */ = {isa = PBXFileReference; lastKnownFileType = file.storyboard; name = Base; path = Base.lproj/LaunchScreen.storyboard; sourceTree = "<group>"; };
		172F670C246F5A6A00BAFB3B /* Info.plist */ = {isa = PBXFileReference; lastKnownFileType = text.plist.xml; path = Info.plist; sourceTree = "<group>"; };
		172F6711246F5A6B00BAFB3B /* CIExampleTests.xctest */ = {isa = PBXFileReference; explicitFileType = wrapper.cfbundle; includeInIndex = 0; path = CIExampleTests.xctest; sourceTree = BUILT_PRODUCTS_DIR; };
		172F6715246F5A6B00BAFB3B /* CIExampleTests.swift */ = {isa = PBXFileReference; lastKnownFileType = sourcecode.swift; path = CIExampleTests.swift; sourceTree = "<group>"; };
		172F6717246F5A6B00BAFB3B /* Info.plist */ = {isa = PBXFileReference; lastKnownFileType = text.plist.xml; path = Info.plist; sourceTree = "<group>"; };
		172F671C246F5A6B00BAFB3B /* CIExampleUITests.xctest */ = {isa = PBXFileReference; explicitFileType = wrapper.cfbundle; includeInIndex = 0; path = CIExampleUITests.xctest; sourceTree = BUILT_PRODUCTS_DIR; };
		172F6720246F5A6B00BAFB3B /* CIExampleUITests.swift */ = {isa = PBXFileReference; lastKnownFileType = sourcecode.swift; path = CIExampleUITests.swift; sourceTree = "<group>"; };
		172F6722246F5A6B00BAFB3B /* Info.plist */ = {isa = PBXFileReference; lastKnownFileType = text.plist.xml; path = Info.plist; sourceTree = "<group>"; };
		17577219E02532F4214CCDE1 /* Pods-CIExampleTests.release.xcconfig */ = {isa = PBXFileReference; includeInIndex = 1; lastKnownFileType = text.xcconfig; name = "Pods-CIExampleTests.release.xcconfig"; path = "Target Support Files/Pods-CIExampleTests/Pods-CIExampleTests.release.xcconfig"; sourceTree = "<group>"; };
		26BA7CE8FF1C35C274D72031 /* Pods-CIExample-CIExampleUITests.debug.xcconfig */ = {isa = PBXFileReference; includeInIndex = 1; lastKnownFileType = text.xcconfig; name = "Pods-CIExample-CIExampleUITests.debug.xcconfig"; path = "Target Support Files/Pods-CIExample-CIExampleUITests/Pods-CIExample-CIExampleUITests.debug.xcconfig"; sourceTree = "<group>"; };
		49A1A6BB1DA8E60B13DEDE7D /* Pods-CIExampleTests.debug.xcconfig */ = {isa = PBXFileReference; includeInIndex = 1; lastKnownFileType = text.xcconfig; name = "Pods-CIExampleTests.debug.xcconfig"; path = "Target Support Files/Pods-CIExampleTests/Pods-CIExampleTests.debug.xcconfig"; sourceTree = "<group>"; };
		5075671D32A51BC1380401D5 /* Pods-CIExample-CIExampleUITests.release.xcconfig */ = {isa = PBXFileReference; includeInIndex = 1; lastKnownFileType = text.xcconfig; name = "Pods-CIExample-CIExampleUITests.release.xcconfig"; path = "Target Support Files/Pods-CIExample-CIExampleUITests/Pods-CIExample-CIExampleUITests.release.xcconfig"; sourceTree = "<group>"; };
		5909103626C2230568C7D940 /* Pods_CIExample.framework */ = {isa = PBXFileReference; explicitFileType = wrapper.framework; includeInIndex = 0; path = Pods_CIExample.framework; sourceTree = BUILT_PRODUCTS_DIR; };
		619D370522D6CCB8C11E6404 /* Pods_CIExampleTests.framework */ = {isa = PBXFileReference; explicitFileType = wrapper.framework; includeInIndex = 0; path = Pods_CIExampleTests.framework; sourceTree = BUILT_PRODUCTS_DIR; };
		B9CE12E78E8EC5C28FEC3C78 /* Pods-CIExample.release.xcconfig */ = {isa = PBXFileReference; includeInIndex = 1; lastKnownFileType = text.xcconfig; name = "Pods-CIExample.release.xcconfig"; path = "Target Support Files/Pods-CIExample/Pods-CIExample.release.xcconfig"; sourceTree = "<group>"; };
		C143067D5413DBEF68C6EB4D /* Pods_CIExample_CIExampleUITests.framework */ = {isa = PBXFileReference; explicitFileType = wrapper.framework; includeInIndex = 0; path = Pods_CIExample_CIExampleUITests.framework; sourceTree = BUILT_PRODUCTS_DIR; };
		DD30D82695E3C25AA6483365 /* Pods-CIExample.debug.xcconfig */ = {isa = PBXFileReference; includeInIndex = 1; lastKnownFileType = text.xcconfig; name = "Pods-CIExample.debug.xcconfig"; path = "Target Support Files/Pods-CIExample/Pods-CIExample.debug.xcconfig"; sourceTree = "<group>"; };
/* End PBXFileReference section */

/* Begin PBXFrameworksBuildPhase section */
		172F66F8246F5A6500BAFB3B /* Frameworks */ = {
			isa = PBXFrameworksBuildPhase;
			buildActionMask = 2147483647;
			files = (
				29A7687BD50737EC4B9C2452 /* Pods_CIExample.framework in Frameworks */,
			);
			runOnlyForDeploymentPostprocessing = 0;
		};
		172F670E246F5A6B00BAFB3B /* Frameworks */ = {
			isa = PBXFrameworksBuildPhase;
			buildActionMask = 2147483647;
			files = (
				72D598DEE00B3F709DAD3521 /* Pods_CIExampleTests.framework in Frameworks */,
			);
			runOnlyForDeploymentPostprocessing = 0;
		};
		172F6719246F5A6B00BAFB3B /* Frameworks */ = {
			isa = PBXFrameworksBuildPhase;
			buildActionMask = 2147483647;
			files = (
				33F1CE08654FD42938CD7EEA /* Pods_CIExample_CIExampleUITests.framework in Frameworks */,
			);
			runOnlyForDeploymentPostprocessing = 0;
		};
/* End PBXFrameworksBuildPhase section */

/* Begin PBXGroup section */
		172F66F2246F5A6500BAFB3B = {
			isa = PBXGroup;
			children = (
				172F66FD246F5A6500BAFB3B /* CIExample */,
				172F6714246F5A6B00BAFB3B /* CIExampleTests */,
				172F671F246F5A6B00BAFB3B /* CIExampleUITests */,
				172F66FC246F5A6500BAFB3B /* Products */,
				CBB73268DEF3457DB75FCA66 /* Pods */,
				F6D0907BE83A3310A68FE855 /* Frameworks */,
			);
			sourceTree = "<group>";
		};
		172F66FC246F5A6500BAFB3B /* Products */ = {
			isa = PBXGroup;
			children = (
				172F66FB246F5A6500BAFB3B /* CIExample.app */,
				172F6711246F5A6B00BAFB3B /* CIExampleTests.xctest */,
				172F671C246F5A6B00BAFB3B /* CIExampleUITests.xctest */,
			);
			name = Products;
			sourceTree = "<group>";
		};
		172F66FD246F5A6500BAFB3B /* CIExample */ = {
			isa = PBXGroup;
			children = (
				172F66FE246F5A6500BAFB3B /* AppDelegate.swift */,
				172F6700246F5A6500BAFB3B /* SceneDelegate.swift */,
				172F6702246F5A6500BAFB3B /* ViewController.swift */,
				172F6704246F5A6500BAFB3B /* Main.storyboard */,
				172F6707246F5A6A00BAFB3B /* Assets.xcassets */,
				172F6709246F5A6A00BAFB3B /* LaunchScreen.storyboard */,
				172F670C246F5A6A00BAFB3B /* Info.plist */,
			);
			path = CIExample;
			sourceTree = "<group>";
		};
		172F6714246F5A6B00BAFB3B /* CIExampleTests */ = {
			isa = PBXGroup;
			children = (
				172F6715246F5A6B00BAFB3B /* CIExampleTests.swift */,
				172F6717246F5A6B00BAFB3B /* Info.plist */,
			);
			path = CIExampleTests;
			sourceTree = "<group>";
		};
		172F671F246F5A6B00BAFB3B /* CIExampleUITests */ = {
			isa = PBXGroup;
			children = (
				172F6720246F5A6B00BAFB3B /* CIExampleUITests.swift */,
				172F6722246F5A6B00BAFB3B /* Info.plist */,
			);
			path = CIExampleUITests;
			sourceTree = "<group>";
		};
		CBB73268DEF3457DB75FCA66 /* Pods */ = {
			isa = PBXGroup;
			children = (
				DD30D82695E3C25AA6483365 /* Pods-CIExample.debug.xcconfig */,
				B9CE12E78E8EC5C28FEC3C78 /* Pods-CIExample.release.xcconfig */,
				26BA7CE8FF1C35C274D72031 /* Pods-CIExample-CIExampleUITests.debug.xcconfig */,
				5075671D32A51BC1380401D5 /* Pods-CIExample-CIExampleUITests.release.xcconfig */,
				49A1A6BB1DA8E60B13DEDE7D /* Pods-CIExampleTests.debug.xcconfig */,
				17577219E02532F4214CCDE1 /* Pods-CIExampleTests.release.xcconfig */,
			);
			path = Pods;
			sourceTree = "<group>";
		};
		F6D0907BE83A3310A68FE855 /* Frameworks */ = {
			isa = PBXGroup;
			children = (
				5909103626C2230568C7D940 /* Pods_CIExample.framework */,
				C143067D5413DBEF68C6EB4D /* Pods_CIExample_CIExampleUITests.framework */,
				619D370522D6CCB8C11E6404 /* Pods_CIExampleTests.framework */,
			);
			name = Frameworks;
			sourceTree = "<group>";
		};
/* End PBXGroup section */

/* Begin PBXNativeTarget section */
		172F66FA246F5A6500BAFB3B /* CIExample */ = {
			isa = PBXNativeTarget;
			buildConfigurationList = 172F6725246F5A6B00BAFB3B /* Build configuration list for PBXNativeTarget "CIExample" */;
			buildPhases = (
				09413FBFDE7DA4EF32033C8F /* [CP] Check Pods Manifest.lock */,
				172F66F7246F5A6500BAFB3B /* Sources */,
				172F66F8246F5A6500BAFB3B /* Frameworks */,
				172F66F9246F5A6500BAFB3B /* Resources */,
				172F6735247381C000BAFB3B /* Embed Frameworks */,
			);
			buildRules = (
			);
			dependencies = (
			);
			name = CIExample;
			productName = CIExample;
			productReference = 172F66FB246F5A6500BAFB3B /* CIExample.app */;
			productType = "com.apple.product-type.application";
		};
		172F6710246F5A6B00BAFB3B /* CIExampleTests */ = {
			isa = PBXNativeTarget;
			buildConfigurationList = 172F6728246F5A6B00BAFB3B /* Build configuration list for PBXNativeTarget "CIExampleTests" */;
			buildPhases = (
				8CB5E1B684CEFCF465BE0AC2 /* [CP] Check Pods Manifest.lock */,
				172F670D246F5A6B00BAFB3B /* Sources */,
				172F670E246F5A6B00BAFB3B /* Frameworks */,
				172F670F246F5A6B00BAFB3B /* Resources */,
			);
			buildRules = (
			);
			dependencies = (
				172F6713246F5A6B00BAFB3B /* PBXTargetDependency */,
			);
			name = CIExampleTests;
			productName = CIExampleTests;
			productReference = 172F6711246F5A6B00BAFB3B /* CIExampleTests.xctest */;
			productType = "com.apple.product-type.bundle.unit-test";
		};
		172F671B246F5A6B00BAFB3B /* CIExampleUITests */ = {
			isa = PBXNativeTarget;
			buildConfigurationList = 172F672B246F5A6B00BAFB3B /* Build configuration list for PBXNativeTarget "CIExampleUITests" */;
			buildPhases = (
				55E8596CE5B2DAC19C60AD7D /* [CP] Check Pods Manifest.lock */,
				172F6718246F5A6B00BAFB3B /* Sources */,
				172F6719246F5A6B00BAFB3B /* Frameworks */,
				172F671A246F5A6B00BAFB3B /* Resources */,
			);
			buildRules = (
			);
			dependencies = (
				172F671E246F5A6B00BAFB3B /* PBXTargetDependency */,
			);
			name = CIExampleUITests;
			productName = CIExampleUITests;
			productReference = 172F671C246F5A6B00BAFB3B /* CIExampleUITests.xctest */;
			productType = "com.apple.product-type.bundle.ui-testing";
		};
/* End PBXNativeTarget section */

/* Begin PBXProject section */
		172F66F3246F5A6500BAFB3B /* Project object */ = {
			isa = PBXProject;
			attributes = {
				LastSwiftUpdateCheck = 1130;
				LastUpgradeCheck = 1130;
				ORGANIZATIONNAME = Matheus;
				TargetAttributes = {
					172F66FA246F5A6500BAFB3B = {
						CreatedOnToolsVersion = 11.3.1;
					};
					172F6710246F5A6B00BAFB3B = {
						CreatedOnToolsVersion = 11.3.1;
						TestTargetID = 172F66FA246F5A6500BAFB3B;
					};
					172F671B246F5A6B00BAFB3B = {
						CreatedOnToolsVersion = 11.3.1;
						TestTargetID = 172F66FA246F5A6500BAFB3B;
					};
				};
			};
			buildConfigurationList = 172F66F6246F5A6500BAFB3B /* Build configuration list for PBXProject "CIExample" */;
			compatibilityVersion = "Xcode 9.3";
			developmentRegion = en;
			hasScannedForEncodings = 0;
			knownRegions = (
				en,
				Base,
			);
			mainGroup = 172F66F2246F5A6500BAFB3B;
			productRefGroup = 172F66FC246F5A6500BAFB3B /* Products */;
			projectDirPath = "";
			projectRoot = "";
			targets = (
				172F66FA246F5A6500BAFB3B /* CIExample */,
				172F6710246F5A6B00BAFB3B /* CIExampleTests */,
				172F671B246F5A6B00BAFB3B /* CIExampleUITests */,
			);
		};
/* End PBXProject section */

/* Begin PBXResourcesBuildPhase section */
		172F66F9246F5A6500BAFB3B /* Resources */ = {
			isa = PBXResourcesBuildPhase;
			buildActionMask = 2147483647;
			files = (
				172F670B246F5A6A00BAFB3B /* LaunchScreen.storyboard in Resources */,
				172F6708246F5A6A00BAFB3B /* Assets.xcassets in Resources */,
				172F6706246F5A6500BAFB3B /* Main.storyboard in Resources */,
			);
			runOnlyForDeploymentPostprocessing = 0;
		};
		172F670F246F5A6B00BAFB3B /* Resources */ = {
			isa = PBXResourcesBuildPhase;
			buildActionMask = 2147483647;
			files = (
				172F673E2473874D00BAFB3B /* CIExampleTests.xctest in Resources */,
			);
			runOnlyForDeploymentPostprocessing = 0;
		};
		172F671A246F5A6B00BAFB3B /* Resources */ = {
			isa = PBXResourcesBuildPhase;
			buildActionMask = 2147483647;
			files = (
				172F673F2473875000BAFB3B /* CIExampleUITests.xctest in Resources */,
			);
			runOnlyForDeploymentPostprocessing = 0;
		};
/* End PBXResourcesBuildPhase section */

/* Begin PBXShellScriptBuildPhase section */
		09413FBFDE7DA4EF32033C8F /* [CP] Check Pods Manifest.lock */ = {
			isa = PBXShellScriptBuildPhase;
			buildActionMask = 2147483647;
			files = (
			);
			inputFileListPaths = (
			);
			inputPaths = (
				"${PODS_PODFILE_DIR_PATH}/Podfile.lock",
				"${PODS_ROOT}/Manifest.lock",
			);
			name = "[CP] Check Pods Manifest.lock";
			outputFileListPaths = (
			);
			outputPaths = (
				"$(DERIVED_FILE_DIR)/Pods-CIExample-checkManifestLockResult.txt",
			);
			runOnlyForDeploymentPostprocessing = 0;
			shellPath = /bin/sh;
			shellScript = "diff \"${PODS_PODFILE_DIR_PATH}/Podfile.lock\" \"${PODS_ROOT}/Manifest.lock\" > /dev/null\nif [ $? != 0 ] ; then\n    # print error to STDERR\n    echo \"error: The sandbox is not in sync with the Podfile.lock. Run 'pod install' or update your CocoaPods installation.\" >&2\n    exit 1\nfi\n# This output is used by Xcode 'outputs' to avoid re-running this script phase.\necho \"SUCCESS\" > \"${SCRIPT_OUTPUT_FILE_0}\"\n";
			showEnvVarsInLog = 0;
		};
		55E8596CE5B2DAC19C60AD7D /* [CP] Check Pods Manifest.lock */ = {
			isa = PBXShellScriptBuildPhase;
			buildActionMask = 2147483647;
			files = (
			);
			inputFileListPaths = (
			);
			inputPaths = (
				"${PODS_PODFILE_DIR_PATH}/Podfile.lock",
				"${PODS_ROOT}/Manifest.lock",
			);
			name = "[CP] Check Pods Manifest.lock";
			outputFileListPaths = (
			);
			outputPaths = (
				"$(DERIVED_FILE_DIR)/Pods-CIExample-CIExampleUITests-checkManifestLockResult.txt",
			);
			runOnlyForDeploymentPostprocessing = 0;
			shellPath = /bin/sh;
			shellScript = "diff \"${PODS_PODFILE_DIR_PATH}/Podfile.lock\" \"${PODS_ROOT}/Manifest.lock\" > /dev/null\nif [ $? != 0 ] ; then\n    # print error to STDERR\n    echo \"error: The sandbox is not in sync with the Podfile.lock. Run 'pod install' or update your CocoaPods installation.\" >&2\n    exit 1\nfi\n# This output is used by Xcode 'outputs' to avoid re-running this script phase.\necho \"SUCCESS\" > \"${SCRIPT_OUTPUT_FILE_0}\"\n";
			showEnvVarsInLog = 0;
		};
		8CB5E1B684CEFCF465BE0AC2 /* [CP] Check Pods Manifest.lock */ = {
			isa = PBXShellScriptBuildPhase;
			buildActionMask = 2147483647;
			files = (
			);
			inputFileListPaths = (
			);
			inputPaths = (
				"${PODS_PODFILE_DIR_PATH}/Podfile.lock",
				"${PODS_ROOT}/Manifest.lock",
			);
			name = "[CP] Check Pods Manifest.lock";
			outputFileListPaths = (
			);
			outputPaths = (
				"$(DERIVED_FILE_DIR)/Pods-CIExampleTests-checkManifestLockResult.txt",
			);
			runOnlyForDeploymentPostprocessing = 0;
			shellPath = /bin/sh;
			shellScript = "diff \"${PODS_PODFILE_DIR_PATH}/Podfile.lock\" \"${PODS_ROOT}/Manifest.lock\" > /dev/null\nif [ $? != 0 ] ; then\n    # print error to STDERR\n    echo \"error: The sandbox is not in sync with the Podfile.lock. Run 'pod install' or update your CocoaPods installation.\" >&2\n    exit 1\nfi\n# This output is used by Xcode 'outputs' to avoid re-running this script phase.\necho \"SUCCESS\" > \"${SCRIPT_OUTPUT_FILE_0}\"\n";
			showEnvVarsInLog = 0;
		};
/* End PBXShellScriptBuildPhase section */

/* Begin PBXSourcesBuildPhase section */
		172F66F7246F5A6500BAFB3B /* Sources */ = {
			isa = PBXSourcesBuildPhase;
			buildActionMask = 2147483647;
			files = (
				172F6703246F5A6500BAFB3B /* ViewController.swift in Sources */,
				172F66FF246F5A6500BAFB3B /* AppDelegate.swift in Sources */,
				172F6701246F5A6500BAFB3B /* SceneDelegate.swift in Sources */,
			);
			runOnlyForDeploymentPostprocessing = 0;
		};
		172F670D246F5A6B00BAFB3B /* Sources */ = {
			isa = PBXSourcesBuildPhase;
			buildActionMask = 2147483647;
			files = (
				172F6716246F5A6B00BAFB3B /* CIExampleTests.swift in Sources */,
			);
			runOnlyForDeploymentPostprocessing = 0;
		};
		172F6718246F5A6B00BAFB3B /* Sources */ = {
			isa = PBXSourcesBuildPhase;
			buildActionMask = 2147483647;
			files = (
				172F6721246F5A6B00BAFB3B /* CIExampleUITests.swift in Sources */,
			);
			runOnlyForDeploymentPostprocessing = 0;
		};
/* End PBXSourcesBuildPhase section */

/* Begin PBXTargetDependency section */
		172F6713246F5A6B00BAFB3B /* PBXTargetDependency */ = {
			isa = PBXTargetDependency;
			target = 172F66FA246F5A6500BAFB3B /* CIExample */;
			targetProxy = 172F6712246F5A6B00BAFB3B /* PBXContainerItemProxy */;
		};
		172F671E246F5A6B00BAFB3B /* PBXTargetDependency */ = {
			isa = PBXTargetDependency;
			target = 172F66FA246F5A6500BAFB3B /* CIExample */;
			targetProxy = 172F671D246F5A6B00BAFB3B /* PBXContainerItemProxy */;
		};
/* End PBXTargetDependency section */

/* Begin PBXVariantGroup section */
		172F6704246F5A6500BAFB3B /* Main.storyboard */ = {
			isa = PBXVariantGroup;
			children = (
				172F6705246F5A6500BAFB3B /* Base */,
			);
			name = Main.storyboard;
			sourceTree = "<group>";
		};
		172F6709246F5A6A00BAFB3B /* LaunchScreen.storyboard */ = {
			isa = PBXVariantGroup;
			children = (
				172F670A246F5A6A00BAFB3B /* Base */,
			);
			name = LaunchScreen.storyboard;
			sourceTree = "<group>";
		};
/* End PBXVariantGroup section */

/* Begin XCBuildConfiguration section */
		172F6723246F5A6B00BAFB3B /* Debug */ = {
			isa = XCBuildConfiguration;
			buildSettings = {
				ALWAYS_SEARCH_USER_PATHS = NO;
				CLANG_ANALYZER_NONNULL = YES;
				CLANG_ANALYZER_NUMBER_OBJECT_CONVERSION = YES_AGGRESSIVE;
				CLANG_CXX_LANGUAGE_STANDARD = "gnu++14";
				CLANG_CXX_LIBRARY = "libc++";
				CLANG_ENABLE_MODULES = YES;
				CLANG_ENABLE_OBJC_ARC = YES;
				CLANG_ENABLE_OBJC_WEAK = YES;
				CLANG_WARN_BLOCK_CAPTURE_AUTORELEASING = YES;
				CLANG_WARN_BOOL_CONVERSION = YES;
				CLANG_WARN_COMMA = YES;
				CLANG_WARN_CONSTANT_CONVERSION = YES;
				CLANG_WARN_DEPRECATED_OBJC_IMPLEMENTATIONS = YES;
				CLANG_WARN_DIRECT_OBJC_ISA_USAGE = YES_ERROR;
				CLANG_WARN_DOCUMENTATION_COMMENTS = YES;
				CLANG_WARN_EMPTY_BODY = YES;
				CLANG_WARN_ENUM_CONVERSION = YES;
				CLANG_WARN_INFINITE_RECURSION = YES;
				CLANG_WARN_INT_CONVERSION = YES;
				CLANG_WARN_NON_LITERAL_NULL_CONVERSION = YES;
				CLANG_WARN_OBJC_IMPLICIT_RETAIN_SELF = YES;
				CLANG_WARN_OBJC_LITERAL_CONVERSION = YES;
				CLANG_WARN_OBJC_ROOT_CLASS = YES_ERROR;
				CLANG_WARN_RANGE_LOOP_ANALYSIS = YES;
				CLANG_WARN_STRICT_PROTOTYPES = YES;
				CLANG_WARN_SUSPICIOUS_MOVE = YES;
				CLANG_WARN_UNGUARDED_AVAILABILITY = YES_AGGRESSIVE;
				CLANG_WARN_UNREACHABLE_CODE = YES;
				CLANG_WARN__DUPLICATE_METHOD_MATCH = YES;
				COPY_PHASE_STRIP = NO;
				DEBUG_INFORMATION_FORMAT = dwarf;
				ENABLE_STRICT_OBJC_MSGSEND = YES;
				ENABLE_TESTABILITY = YES;
				GCC_C_LANGUAGE_STANDARD = gnu11;
				GCC_DYNAMIC_NO_PIC = NO;
				GCC_NO_COMMON_BLOCKS = YES;
				GCC_OPTIMIZATION_LEVEL = 0;
				GCC_PREPROCESSOR_DEFINITIONS = (
					"DEBUG=1",
					"$(inherited)",
				);
				GCC_WARN_64_TO_32_BIT_CONVERSION = YES;
				GCC_WARN_ABOUT_RETURN_TYPE = YES_ERROR;
				GCC_WARN_UNDECLARED_SELECTOR = YES;
				GCC_WARN_UNINITIALIZED_AUTOS = YES_AGGRESSIVE;
				GCC_WARN_UNUSED_FUNCTION = YES;
				GCC_WARN_UNUSED_VARIABLE = YES;
				IPHONEOS_DEPLOYMENT_TARGET = 13.2;
				MTL_ENABLE_DEBUG_INFO = INCLUDE_SOURCE;
				MTL_FAST_MATH = YES;
				ONLY_ACTIVE_ARCH = YES;
				SDKROOT = iphoneos;
				SWIFT_ACTIVE_COMPILATION_CONDITIONS = DEBUG;
				SWIFT_OPTIMIZATION_LEVEL = "-Onone";
			};
			name = Debug;
		};
		172F6724246F5A6B00BAFB3B /* Release */ = {
			isa = XCBuildConfiguration;
			buildSettings = {
				ALWAYS_SEARCH_USER_PATHS = NO;
				CLANG_ANALYZER_NONNULL = YES;
				CLANG_ANALYZER_NUMBER_OBJECT_CONVERSION = YES_AGGRESSIVE;
				CLANG_CXX_LANGUAGE_STANDARD = "gnu++14";
				CLANG_CXX_LIBRARY = "libc++";
				CLANG_ENABLE_MODULES = YES;
				CLANG_ENABLE_OBJC_ARC = YES;
				CLANG_ENABLE_OBJC_WEAK = YES;
				CLANG_WARN_BLOCK_CAPTURE_AUTORELEASING = YES;
				CLANG_WARN_BOOL_CONVERSION = YES;
				CLANG_WARN_COMMA = YES;
				CLANG_WARN_CONSTANT_CONVERSION = YES;
				CLANG_WARN_DEPRECATED_OBJC_IMPLEMENTATIONS = YES;
				CLANG_WARN_DIRECT_OBJC_ISA_USAGE = YES_ERROR;
				CLANG_WARN_DOCUMENTATION_COMMENTS = YES;
				CLANG_WARN_EMPTY_BODY = YES;
				CLANG_WARN_ENUM_CONVERSION = YES;
				CLANG_WARN_INFINITE_RECURSION = YES;
				CLANG_WARN_INT_CONVERSION = YES;
				CLANG_WARN_NON_LITERAL_NULL_CONVERSION = YES;
				CLANG_WARN_OBJC_IMPLICIT_RETAIN_SELF = YES;
				CLANG_WARN_OBJC_LITERAL_CONVERSION = YES;
				CLANG_WARN_OBJC_ROOT_CLASS = YES_ERROR;
				CLANG_WARN_RANGE_LOOP_ANALYSIS = YES;
				CLANG_WARN_STRICT_PROTOTYPES = YES;
				CLANG_WARN_SUSPICIOUS_MOVE = YES;
				CLANG_WARN_UNGUARDED_AVAILABILITY = YES_AGGRESSIVE;
				CLANG_WARN_UNREACHABLE_CODE = YES;
				CLANG_WARN__DUPLICATE_METHOD_MATCH = YES;
				COPY_PHASE_STRIP = NO;
				DEBUG_INFORMATION_FORMAT = "dwarf-with-dsym";
				ENABLE_NS_ASSERTIONS = NO;
				ENABLE_STRICT_OBJC_MSGSEND = YES;
				GCC_C_LANGUAGE_STANDARD = gnu11;
				GCC_NO_COMMON_BLOCKS = YES;
				GCC_WARN_64_TO_32_BIT_CONVERSION = YES;
				GCC_WARN_ABOUT_RETURN_TYPE = YES_ERROR;
				GCC_WARN_UNDECLARED_SELECTOR = YES;
				GCC_WARN_UNINITIALIZED_AUTOS = YES_AGGRESSIVE;
				GCC_WARN_UNUSED_FUNCTION = YES;
				GCC_WARN_UNUSED_VARIABLE = YES;
				IPHONEOS_DEPLOYMENT_TARGET = 13.2;
				MTL_ENABLE_DEBUG_INFO = NO;
				MTL_FAST_MATH = YES;
				SDKROOT = iphoneos;
				SWIFT_COMPILATION_MODE = wholemodule;
				SWIFT_OPTIMIZATION_LEVEL = "-O";
				VALIDATE_PRODUCT = YES;
			};
			name = Release;
		};
		172F6726246F5A6B00BAFB3B /* Debug */ = {
			isa = XCBuildConfiguration;
			baseConfigurationReference = DD30D82695E3C25AA6483365 /* Pods-CIExample.debug.xcconfig */;
			buildSettings = {
				ASSETCATALOG_COMPILER_APPICON_NAME = AppIcon;
				CODE_SIGN_IDENTITY = "iPhone Developer";
				CODE_SIGN_STYLE = Automatic;
				DEVELOPMENT_TEAM = FX38S5GM26;
				INFOPLIST_FILE = CIExample/Info.plist;
				LD_RUNPATH_SEARCH_PATHS = (
					"$(inherited)",
					"@executable_path/Frameworks",
				);
				ONLY_ACTIVE_ARCH = NO;
				PRODUCT_BUNDLE_IDENTIFIER = com.practice.CIExample;
				PRODUCT_NAME = "$(TARGET_NAME)";
				SWIFT_VERSION = 5.0;
				TARGETED_DEVICE_FAMILY = "1,2";
			};
			name = Debug;
		};
		172F6727246F5A6B00BAFB3B /* Release */ = {
			isa = XCBuildConfiguration;
			baseConfigurationReference = B9CE12E78E8EC5C28FEC3C78 /* Pods-CIExample.release.xcconfig */;
			buildSettings = {
				ASSETCATALOG_COMPILER_APPICON_NAME = AppIcon;
				CODE_SIGN_IDENTITY = "iPhone Developer";
				CODE_SIGN_STYLE = Automatic;
				DEVELOPMENT_TEAM = FX38S5GM26;
				INFOPLIST_FILE = CIExample/Info.plist;
				LD_RUNPATH_SEARCH_PATHS = (
					"$(inherited)",
					"@executable_path/Frameworks",
				);
				ONLY_ACTIVE_ARCH = NO;
				PRODUCT_BUNDLE_IDENTIFIER = com.practice.CIExample;
				PRODUCT_NAME = "$(TARGET_NAME)";
				SWIFT_VERSION = 5.0;
				TARGETED_DEVICE_FAMILY = "1,2";
			};
			name = Release;
		};
		172F6729246F5A6B00BAFB3B /* Debug */ = {
			isa = XCBuildConfiguration;
			baseConfigurationReference = 49A1A6BB1DA8E60B13DEDE7D /* Pods-CIExampleTests.debug.xcconfig */;
			buildSettings = {
				ALWAYS_EMBED_SWIFT_STANDARD_LIBRARIES = YES;
				BUNDLE_LOADER = "$(TEST_HOST)";
				CODE_SIGN_IDENTITY = "iPhone Developer";
				CODE_SIGN_STYLE = Automatic;
				DEVELOPMENT_TEAM = FX38S5GM26;
				INFOPLIST_FILE = CIExampleTests/Info.plist;
				IPHONEOS_DEPLOYMENT_TARGET = 13.2;
				LD_RUNPATH_SEARCH_PATHS = (
					"$(inherited)",
					"@executable_path/Frameworks",
					"@loader_path/Frameworks",
				);
				PRODUCT_BUNDLE_IDENTIFIER = com.practice.CIExampleTests;
				PRODUCT_NAME = "$(TARGET_NAME)";
				SWIFT_VERSION = 5.0;
				TARGETED_DEVICE_FAMILY = "1,2";
				TEST_HOST = "$(BUILT_PRODUCTS_DIR)/CIExample.app/CIExample";
			};
			name = Debug;
		};
		172F672A246F5A6B00BAFB3B /* Release */ = {
			isa = XCBuildConfiguration;
			baseConfigurationReference = 17577219E02532F4214CCDE1 /* Pods-CIExampleTests.release.xcconfig */;
			buildSettings = {
				ALWAYS_EMBED_SWIFT_STANDARD_LIBRARIES = YES;
				BUNDLE_LOADER = "$(TEST_HOST)";
				CODE_SIGN_IDENTITY = "iPhone Developer";
				CODE_SIGN_STYLE = Automatic;
				DEVELOPMENT_TEAM = FX38S5GM26;
				INFOPLIST_FILE = CIExampleTests/Info.plist;
				IPHONEOS_DEPLOYMENT_TARGET = 13.2;
				LD_RUNPATH_SEARCH_PATHS = (
					"$(inherited)",
					"@executable_path/Frameworks",
					"@loader_path/Frameworks",
				);
				PRODUCT_BUNDLE_IDENTIFIER = com.practice.CIExampleTests;
				PRODUCT_NAME = "$(TARGET_NAME)";
				SWIFT_VERSION = 5.0;
				TARGETED_DEVICE_FAMILY = "1,2";
				TEST_HOST = "$(BUILT_PRODUCTS_DIR)/CIExample.app/CIExample";
			};
			name = Release;
		};
		172F672C246F5A6B00BAFB3B /* Debug */ = {
			isa = XCBuildConfiguration;
			baseConfigurationReference = 26BA7CE8FF1C35C274D72031 /* Pods-CIExample-CIExampleUITests.debug.xcconfig */;
			buildSettings = {
				ALWAYS_EMBED_SWIFT_STANDARD_LIBRARIES = YES;
				CODE_SIGN_IDENTITY = "iPhone Developer";
				CODE_SIGN_STYLE = Automatic;
				DEVELOPMENT_TEAM = FX38S5GM26;
				INFOPLIST_FILE = CIExampleUITests/Info.plist;
				LD_RUNPATH_SEARCH_PATHS = (
					"$(inherited)",
					"@executable_path/Frameworks",
					"@loader_path/Frameworks",
				);
				PRODUCT_BUNDLE_IDENTIFIER = com.practice.CIExampleUITests;
				PRODUCT_NAME = "$(TARGET_NAME)";
				SWIFT_VERSION = 5.0;
				TARGETED_DEVICE_FAMILY = "1,2";
				TEST_TARGET_NAME = CIExample;
			};
			name = Debug;
		};
		172F672D246F5A6B00BAFB3B /* Release */ = {
			isa = XCBuildConfiguration;
			baseConfigurationReference = 5075671D32A51BC1380401D5 /* Pods-CIExample-CIExampleUITests.release.xcconfig */;
			buildSettings = {
				ALWAYS_EMBED_SWIFT_STANDARD_LIBRARIES = YES;
				CODE_SIGN_IDENTITY = "iPhone Developer";
				CODE_SIGN_STYLE = Automatic;
				DEVELOPMENT_TEAM = FX38S5GM26;
				INFOPLIST_FILE = CIExampleUITests/Info.plist;
				LD_RUNPATH_SEARCH_PATHS = (
					"$(inherited)",
					"@executable_path/Frameworks",
					"@loader_path/Frameworks",
				);
				PRODUCT_BUNDLE_IDENTIFIER = com.practice.CIExampleUITests;
				PRODUCT_NAME = "$(TARGET_NAME)";
				SWIFT_VERSION = 5.0;
				TARGETED_DEVICE_FAMILY = "1,2";
				TEST_TARGET_NAME = CIExample;
			};
			name = Release;
		};
/* End XCBuildConfiguration section */

/* Begin XCConfigurationList section */
		172F66F6246F5A6500BAFB3B /* Build configuration list for PBXProject "CIExample" */ = {
			isa = XCConfigurationList;
			buildConfigurations = (
				172F6723246F5A6B00BAFB3B /* Debug */,
				172F6724246F5A6B00BAFB3B /* Release */,
			);
			defaultConfigurationIsVisible = 0;
			defaultConfigurationName = Release;
		};
		172F6725246F5A6B00BAFB3B /* Build configuration list for PBXNativeTarget "CIExample" */ = {
			isa = XCConfigurationList;
			buildConfigurations = (
				172F6726246F5A6B00BAFB3B /* Debug */,
				172F6727246F5A6B00BAFB3B /* Release */,
			);
			defaultConfigurationIsVisible = 0;
			defaultConfigurationName = Release;
		};
		172F6728246F5A6B00BAFB3B /* Build configuration list for PBXNativeTarget "CIExampleTests" */ = {
			isa = XCConfigurationList;
			buildConfigurations = (
				172F6729246F5A6B00BAFB3B /* Debug */,
				172F672A246F5A6B00BAFB3B /* Release */,
			);
			defaultConfigurationIsVisible = 0;
			defaultConfigurationName = Release;
		};
		172F672B246F5A6B00BAFB3B /* Build configuration list for PBXNativeTarget "CIExampleUITests" */ = {
			isa = XCConfigurationList;
			buildConfigurations = (
				172F672C246F5A6B00BAFB3B /* Debug */,
				172F672D246F5A6B00BAFB3B /* Release */,
			);
			defaultConfigurationIsVisible = 0;
			defaultConfigurationName = Release;
		};
/* End XCConfigurationList section */
	};
	rootObject = 172F66F3246F5A6500BAFB3B /* Project object */;
}
